
Microsoft Visual Studio Solution File, Format Version 11.00
# Visual Studio 2010
Project("{2150E333-8FDC-42A3-9474-1A3956D46DE8}") = "Solution Items", "Solution Items", "{BDA942B2-5021-4653-B109-0FEB53E282C6}"
	ProjectSection(SolutionItems) = preProject
		IQToolkit.vsmdi = IQToolkit.vsmdi
		LocalTestRun.testrunconfig = LocalTestRun.testrunconfig
	EndProjectSection
EndProject
Project("{FAE04EC0-301F-11D3-BF4B-00C04F79EFBC}") = "IQToolkit", "IQToolkit\IQToolkit.csproj", "{0DA62A7C-3B40-456F-A4B2-B3E19ED4080E}"
EndProject
Project("{FAE04EC0-301F-11D3-BF4B-00C04F79EFBC}") = "IQToolkit.Data.Access", "IQToolkit.Data.Access\IQToolkit.Data.Access.csproj", "{C7388C7B-4CC9-4F1D-AF36-6D4F6575AD04}"
EndProject
Project("{FAE04EC0-301F-11D3-BF4B-00C04F79EFBC}") = "IQToolkit.Data.SqlClient", "IQToolkit.Data.SqlClient\IQToolkit.Data.SqlClient.csproj", "{3F003957-1B67-440B-BAFE-C2B32886A429}"
EndProject
Project("{FAE04EC0-301F-11D3-BF4B-00C04F79EFBC}") = "IQToolkit.Data", "IQToolkit.Data\IQToolkit.Data.csproj", "{3A356510-9C25-4A94-87B9-EEB31B6A1303}"
EndProject
Project("{FAE04EC0-301F-11D3-BF4B-00C04F79EFBC}") = "IQToolkitTest", "IQToolkitTest\IQToolkitTest.csproj", "{D87C1A06-5703-4522-843C-5D851728A15B}"
EndProject
Project("{FAE04EC0-301F-11D3-BF4B-00C04F79EFBC}") = "IQToolkit.Data.SqlServerCe", "IQToolkit.Data.SqlServerCe\IQToolkit.Data.SqlServerCe.csproj", "{A7C0C2B6-4680-4F61-A062-C785BD4F92A1}"
EndProject
Global
	GlobalSection(TestCaseManagementSettings) = postSolution
		CategoryFile = IQToolkit.vsmdi
	EndGlobalSection
	GlobalSection(SolutionConfigurationPlatforms) = preSolution
		Debug|Any CPU = Debug|Any CPU
		Release|Any CPU = Release|Any CPU
	EndGlobalSection
	GlobalSection(ProjectConfigurationPlatforms) = postSolution
		{0DA62A7C-3B40-456F-A4B2-B3E19ED4080E}.Debug|Any CPU.ActiveCfg = Debug|Any CPU
		{0DA62A7C-3B40-456F-A4B2-B3E19ED4080E}.Debug|Any CPU.Build.0 = Debug|Any CPU
		{0DA62A7C-3B40-456F-A4B2-B3E19ED4080E}.Release|Any CPU.ActiveCfg = Release|Any CPU
		{0DA62A7C-3B40-456F-A4B2-B3E19ED4080E}.Release|Any CPU.Build.0 = Release|Any CPU
		{C7388C7B-4CC9-4F1D-AF36-6D4F6575AD04}.Debug|Any CPU.ActiveCfg = Debug|Any CPU
		{C7388C7B-4CC9-4F1D-AF36-6D4F6575AD04}.Debug|Any CPU.Build.0 = Debug|Any CPU
		{C7388C7B-4CC9-4F1D-AF36-6D4F6575AD04}.Release|Any CPU.ActiveCfg = Release|Any CPU
		{C7388C7B-4CC9-4F1D-AF36-6D4F6575AD04}.Release|Any CPU.Build.0 = Release|Any CPU
		{3F003957-1B67-440B-BAFE-C2B32886A429}.Debug|Any CPU.ActiveCfg = Debug|Any CPU
		{3F003957-1B67-440B-BAFE-C2B32886A429}.Debug|Any CPU.Build.0 = Debug|Any CPU
		{3F003957-1B67-440B-BAFE-C2B32886A429}.Release|Any CPU.ActiveCfg = Release|Any CPU
		{3F003957-1B67-440B-BAFE-C2B32886A429}.Release|Any CPU.Build.0 = Release|Any CPU
		{3A356510-9C25-4A94-87B9-EEB31B6A1303}.Debug|Any CPU.ActiveCfg = Debug|Any CPU
		{3A356510-9C25-4A94-87B9-EEB31B6A1303}.Debug|Any CPU.Build.0 = Debug|Any CPU
		{3A356510-9C25-4A94-87B9-EEB31B6A1303}.Release|Any CPU.ActiveCfg = Release|Any CPU
		{3A356510-9C25-4A94-87B9-EEB31B6A1303}.Release|Any CPU.Build.0 = Release|Any CPU
		{D87C1A06-5703-4522-843C-5D851728A15B}.Debug|Any CPU.ActiveCfg = Debug|Any CPU
		{D87C1A06-5703-4522-843C-5D851728A15B}.Debug|Any CPU.Build.0 = Debug|Any CPU
		{D87C1A06-5703-4522-843C-5D851728A15B}.Release|Any CPU.ActiveCfg = Release|Any CPU
		{D87C1A06-5703-4522-843C-5D851728A15B}.Release|Any CPU.Build.0 = Release|Any CPU
		{A7C0C2B6-4680-4F61-A062-C785BD4F92A1}.Debug|Any CPU.ActiveCfg = Debug|Any CPU
		{A7C0C2B6-4680-4F61-A062-C785BD4F92A1}.Debug|Any CPU.Build.0 = Debug|Any CPU
		{A7C0C2B6-4680-4F61-A062-C785BD4F92A1}.Release|Any CPU.ActiveCfg = Release|Any CPU
		{A7C0C2B6-4680-4F61-A062-C785BD4F92A1}.Release|Any CPU.Build.0 = Release|Any CPU
	EndGlobalSection
	GlobalSection(SolutionProperties) = preSolution
		HideSolutionNode = FALSE
	EndGlobalSection
EndGlobal
